
Microsoft Visual Studio Solution File, Format Version 12.00
# Visual Studio Version 17
VisualStudioVersion = 17.1.32210.238
MinimumVisualStudioVersion = 10.0.40219.1
Project("{9A19103F-16F7-4668-BE54-9A1E7A4F7556}") = "HospitalsManagment", "HospitalsManagment\HospitalsManagment.csproj", "{735D5514-5E73-4669-899B-25D680F81881}"
EndProject
Project("{FAE04EC0-301F-11D3-BF4B-00C04F79EFBC}") = "testowanie", "testowanie\testowanie.csproj", "{DE62C275-66C7-463B-BE00-270E8A2F94AC}"
EndProject
Global
	GlobalSection(SolutionConfigurationPlatforms) = preSolution
		Debug|Any CPU = Debug|Any CPU
		Release|Any CPU = Release|Any CPU
	EndGlobalSection
	GlobalSection(ProjectConfigurationPlatforms) = postSolution
		{735D5514-5E73-4669-899B-25D680F81881}.Debug|Any CPU.ActiveCfg = Debug|Any CPU
		{735D5514-5E73-4669-899B-25D680F81881}.Debug|Any CPU.Build.0 = Debug|Any CPU
		{735D5514-5E73-4669-899B-25D680F81881}.Release|Any CPU.ActiveCfg = Release|Any CPU
		{735D5514-5E73-4669-899B-25D680F81881}.Release|Any CPU.Build.0 = Release|Any CPU
		{DE62C275-66C7-463B-BE00-270E8A2F94AC}.Debug|Any CPU.ActiveCfg = Debug|Any CPU
		{DE62C275-66C7-463B-BE00-270E8A2F94AC}.Debug|Any CPU.Build.0 = Debug|Any CPU
		{DE62C275-66C7-463B-BE00-270E8A2F94AC}.Release|Any CPU.ActiveCfg = Release|Any CPU
		{DE62C275-66C7-463B-BE00-270E8A2F94AC}.Release|Any CPU.Build.0 = Release|Any CPU
	EndGlobalSection
	GlobalSection(SolutionProperties) = preSolution
		HideSolutionNode = FALSE
	EndGlobalSection
	GlobalSection(ExtensibilityGlobals) = postSolution
		SolutionGuid = {98429E53-68EA-4E6D-A365-21339800943D}
	EndGlobalSection
EndGlobal
